
Microsoft Visual Studio Solution File, Format Version 12.00
# Visual Studio Version 17
VisualStudioVersion = 17.6.33723.286
MinimumVisualStudioVersion = 10.0.40219.1
Project("{FAE04EC0-301F-11D3-BF4B-00C04F79EFBC}") = "VoucherSystem.Demo", "VoucherSystem.Demo\VoucherSystem.Demo.csproj", "{855506F7-09BD-45CC-8B8C-E365BEE76F3D}"
EndProject
Global
	GlobalSection(SolutionConfigurationPlatforms) = preSolution
		Debug|Any CPU = Debug|Any CPU
		Release|Any CPU = Release|Any CPU
	EndGlobalSection
	GlobalSection(ProjectConfigurationPlatforms) = postSolution
		{855506F7-09BD-45CC-8B8C-E365BEE76F3D}.Debug|Any CPU.ActiveCfg = Debug|Any CPU
		{855506F7-09BD-45CC-8B8C-E365BEE76F3D}.Debug|Any CPU.Build.0 = Debug|Any CPU
		{855506F7-09BD-45CC-8B8C-E365BEE76F3D}.Release|Any CPU.ActiveCfg = Release|Any CPU
		{855506F7-09BD-45CC-8B8C-E365BEE76F3D}.Release|Any CPU.Build.0 = Release|Any CPU
	EndGlobalSection
	GlobalSection(SolutionProperties) = preSolution
		HideSolutionNode = FALSE
	EndGlobalSection
	GlobalSection(ExtensibilityGlobals) = postSolution
		SolutionGuid = {7E13AC2C-B810-4D34-B887-6A301FA52386}
	EndGlobalSection
EndGlobal
